
Microsoft Visual Studio Solution File, Format Version 12.00
# Visual Studio Version 17
VisualStudioVersion = 17.4.33213.308
MinimumVisualStudioVersion = 10.0.40219.1
Project("{FAE04EC0-301F-11D3-BF4B-00C04F79EFBC}") = "GDL", "GDL.csproj", "{70964A85-BEF3-477B-B4CB-AC61CEB1C316}"
EndProject
Global
	GlobalSection(SolutionConfigurationPlatforms) = preSolution
		Debug|Any CPU = Debug|Any CPU
		Release|Any CPU = Release|Any CPU
	EndGlobalSection
	GlobalSection(ProjectConfigurationPlatforms) = postSolution
		{70964A85-BEF3-477B-B4CB-AC61CEB1C316}.Debug|Any CPU.ActiveCfg = Debug|Any CPU
		{70964A85-BEF3-477B-B4CB-AC61CEB1C316}.Debug|Any CPU.Build.0 = Debug|Any CPU
		{70964A85-BEF3-477B-B4CB-AC61CEB1C316}.Release|Any CPU.ActiveCfg = Release|Any CPU
		{70964A85-BEF3-477B-B4CB-AC61CEB1C316}.Release|Any CPU.Build.0 = Release|Any CPU
	EndGlobalSection
	GlobalSection(SolutionProperties) = preSolution
		HideSolutionNode = FALSE
	EndGlobalSection
	GlobalSection(ExtensibilityGlobals) = postSolution
		SolutionGuid = {B93DFA1D-DC4C-4C67-8D3A-2972580749E9}
	EndGlobalSection
EndGlobal
